// !$*UTF8*$!
{
	archiveVersion = 1;
	classes = {
	};
	objectVersion = 50;
	objects = {

/* Begin PBXBuildFile section */
		90EA8EAE21BC6E8300993644 /* AppDelegate.swift in Sources */ = {isa = PBXBuildFile; fileRef = 90EA8EAD21BC6E8300993644 /* AppDelegate.swift */; };
		90EA8EB021BC6E8300993644 /* ViewController.swift in Sources */ = {isa = PBXBuildFile; fileRef = 90EA8EAF21BC6E8300993644 /* ViewController.swift */; };
		90EA8EB321BC6E8300993644 /* Main.storyboard in Resources */ = {isa = PBXBuildFile; fileRef = 90EA8EB121BC6E8300993644 /* Main.storyboard */; };
		90EA8EB521BC6E8400993644 /* Assets.xcassets in Resources */ = {isa = PBXBuildFile; fileRef = 90EA8EB421BC6E8400993644 /* Assets.xcassets */; };
		90EA8EB821BC6E8400993644 /* LaunchScreen.storyboard in Resources */ = {isa = PBXBuildFile; fileRef = 90EA8EB621BC6E8400993644 /* LaunchScreen.storyboard */; };
		90EA8EC621BC78CA00993644 /* Setting.swift in Sources */ = {isa = PBXBuildFile; fileRef = 90EA8EC521BC78CA00993644 /* Setting.swift */; };
		90EA8EC821BC796A00993644 /* SettingController.swift in Sources */ = {isa = PBXBuildFile; fileRef = 90EA8EC721BC796A00993644 /* SettingController.swift */; };
		90EA8ECA21BC7C2100993644 /* SettingsViewController.swift in Sources */ = {isa = PBXBuildFile; fileRef = 90EA8EC921BC7C2100993644 /* SettingsViewController.swift */; };
		90EA8ECC21BC7D5100993644 /* SettingsTableViewCell.swift in Sources */ = {isa = PBXBuildFile; fileRef = 90EA8ECB21BC7D5100993644 /* SettingsTableViewCell.swift */; };
/* End PBXBuildFile section */

/* Begin PBXFileReference section */
		90EA8EAA21BC6E8300993644 /* Settings 2.app */ = {isa = PBXFileReference; explicitFileType = wrapper.application; includeInIndex = 0; path = "Settings 2.app"; sourceTree = BUILT_PRODUCTS_DIR; };
		90EA8EAD21BC6E8300993644 /* AppDelegate.swift */ = {isa = PBXFileReference; lastKnownFileType = sourcecode.swift; path = AppDelegate.swift; sourceTree = "<group>"; };
		90EA8EAF21BC6E8300993644 /* ViewController.swift */ = {isa = PBXFileReference; lastKnownFileType = sourcecode.swift; path = ViewController.swift; sourceTree = "<group>"; };
		90EA8EB221BC6E8300993644 /* Base */ = {isa = PBXFileReference; lastKnownFileType = file.storyboard; name = Base; path = Base.lproj/Main.storyboard; sourceTree = "<group>"; };
		90EA8EB421BC6E8400993644 /* Assets.xcassets */ = {isa = PBXFileReference; lastKnownFileType = folder.assetcatalog; path = Assets.xcassets; sourceTree = "<group>"; };
		90EA8EB721BC6E8400993644 /* Base */ = {isa = PBXFileReference; lastKnownFileType = file.storyboard; name = Base; path = Base.lproj/LaunchScreen.storyboard; sourceTree = "<group>"; };
		90EA8EB921BC6E8400993644 /* Info.plist */ = {isa = PBXFileReference; lastKnownFileType = text.plist.xml; path = Info.plist; sourceTree = "<group>"; };
		90EA8EC521BC78CA00993644 /* Setting.swift */ = {isa = PBXFileReference; lastKnownFileType = sourcecode.swift; path = Setting.swift; sourceTree = "<group>"; };
		90EA8EC721BC796A00993644 /* SettingController.swift */ = {isa = PBXFileReference; lastKnownFileType = sourcecode.swift; path = SettingController.swift; sourceTree = "<group>"; };
		90EA8EC921BC7C2100993644 /* SettingsViewController.swift */ = {isa = PBXFileReference; lastKnownFileType = sourcecode.swift; path = SettingsViewController.swift; sourceTree = "<group>"; };
		90EA8ECB21BC7D5100993644 /* SettingsTableViewCell.swift */ = {isa = PBXFileReference; lastKnownFileType = sourcecode.swift; path = SettingsTableViewCell.swift; sourceTree = "<group>"; };
/* End PBXFileReference section */

/* Begin PBXFrameworksBuildPhase section */
		90EA8EA721BC6E8300993644 /* Frameworks */ = {
			isa = PBXFrameworksBuildPhase;
			buildActionMask = 2147483647;
			files = (
			);
			runOnlyForDeploymentPostprocessing = 0;
		};
/* End PBXFrameworksBuildPhase section */

/* Begin PBXGroup section */
		90EA8EA121BC6E8300993644 = {
			isa = PBXGroup;
			children = (
				90EA8EAC21BC6E8300993644 /* Settings 2 */,
				90EA8EAB21BC6E8300993644 /* Products */,
			);
			sourceTree = "<group>";
		};
		90EA8EAB21BC6E8300993644 /* Products */ = {
			isa = PBXGroup;
			children = (
				90EA8EAA21BC6E8300993644 /* Settings 2.app */,
			);
			name = Products;
			sourceTree = "<group>";
		};
		90EA8EAC21BC6E8300993644 /* Settings 2 */ = {
			isa = PBXGroup;
			children = (
				90EA8EAF21BC6E8300993644 /* ViewController.swift */,
				90EA8EC221BC788500993644 /* Model */,
				90EA8EC121BC787100993644 /* Controller */,
				90EA8EC021BC6EEE00993644 /* View */,
				90EA8EBF21BC6EC200993644 /* Resources */,
			);
			path = "Settings 2";
			sourceTree = "<group>";
		};
		90EA8EBF21BC6EC200993644 /* Resources */ = {
			isa = PBXGroup;
			children = (
				90EA8EAD21BC6E8300993644 /* AppDelegate.swift */,
				90EA8EB421BC6E8400993644 /* Assets.xcassets */,
				90EA8EB621BC6E8400993644 /* LaunchScreen.storyboard */,
				90EA8EB921BC6E8400993644 /* Info.plist */,
			);
			path = Resources;
			sourceTree = "<group>";
		};
		90EA8EC021BC6EEE00993644 /* View */ = {
			isa = PBXGroup;
			children = (
				90EA8EB121BC6E8300993644 /* Main.storyboard */,
				90EA8ECB21BC7D5100993644 /* SettingsTableViewCell.swift */,
			);
			path = View;
			sourceTree = "<group>";
		};
		90EA8EC121BC787100993644 /* Controller */ = {
			isa = PBXGroup;
			children = (
				90EA8EC921BC7C2100993644 /* SettingsViewController.swift */,
				90EA8EC321BC788E00993644 /* ModelController */,
			);
			path = Controller;
			sourceTree = "<group>";
		};
		90EA8EC221BC788500993644 /* Model */ = {
			isa = PBXGroup;
			children = (
				90EA8EC421BC789A00993644 /* Model */,
			);
			path = Model;
			sourceTree = "<group>";
		};
		90EA8EC321BC788E00993644 /* ModelController */ = {
			isa = PBXGroup;
			children = (
				90EA8EC721BC796A00993644 /* SettingController.swift */,
			);
			path = ModelController;
			sourceTree = "<group>";
		};
		90EA8EC421BC789A00993644 /* Model */ = {
			isa = PBXGroup;
			children = (
				90EA8EC521BC78CA00993644 /* Setting.swift */,
			);
			path = Model;
			sourceTree = "<group>";
		};
/* End PBXGroup section */

/* Begin PBXNativeTarget section */
		90EA8EA921BC6E8300993644 /* Settings 2 */ = {
			isa = PBXNativeTarget;
			buildConfigurationList = 90EA8EBC21BC6E8400993644 /* Build configuration list for PBXNativeTarget "Settings 2" */;
			buildPhases = (
				90EA8EA621BC6E8300993644 /* Sources */,
				90EA8EA721BC6E8300993644 /* Frameworks */,
				90EA8EA821BC6E8300993644 /* Resources */,
			);
			buildRules = (
			);
			dependencies = (
			);
			name = "Settings 2";
			productName = "Settings 2";
			productReference = 90EA8EAA21BC6E8300993644 /* Settings 2.app */;
			productType = "com.apple.product-type.application";
		};
/* End PBXNativeTarget section */

/* Begin PBXProject section */
		90EA8EA221BC6E8300993644 /* Project object */ = {
			isa = PBXProject;
			attributes = {
				LastSwiftUpdateCheck = 1010;
				LastUpgradeCheck = 1010;
				ORGANIZATIONNAME = "Greg Hughes";
				TargetAttributes = {
					90EA8EA921BC6E8300993644 = {
						CreatedOnToolsVersion = 10.1;
					};
				};
			};
			buildConfigurationList = 90EA8EA521BC6E8300993644 /* Build configuration list for PBXProject "Settings 2" */;
			compatibilityVersion = "Xcode 9.3";
			developmentRegion = en;
			hasScannedForEncodings = 0;
			knownRegions = (
				en,
				Base,
			);
			mainGroup = 90EA8EA121BC6E8300993644;
			productRefGroup = 90EA8EAB21BC6E8300993644 /* Products */;
			projectDirPath = "";
			projectRoot = "";
			targets = (
				90EA8EA921BC6E8300993644 /* Settings 2 */,
			);
		};
/* End PBXProject section */

/* Begin PBXResourcesBuildPhase section */
		90EA8EA821BC6E8300993644 /* Resources */ = {
			isa = PBXResourcesBuildPhase;
			buildActionMask = 2147483647;
			files = (
				90EA8EB821BC6E8400993644 /* LaunchScreen.storyboard in Resources */,
				90EA8EB521BC6E8400993644 /* Assets.xcassets in Resources */,
				90EA8EB321BC6E8300993644 /* Main.storyboard in Resources */,
			);
			runOnlyForDeploymentPostprocessing = 0;
		};
/* End PBXResourcesBuildPhase section */

/* Begin PBXSourcesBuildPhase section */
		90EA8EA621BC6E8300993644 /* Sources */ = {
			isa = PBXSourcesBuildPhase;
			buildActionMask = 2147483647;
			files = (
				90EA8EC821BC796A00993644 /* SettingController.swift in Sources */,
				90EA8EB021BC6E8300993644 /* ViewController.swift in Sources */,
				90EA8ECC21BC7D5100993644 /* SettingsTableViewCell.swift in Sources */,
				90EA8EAE21BC6E8300993644 /* AppDelegate.swift in Sources */,
				90EA8ECA21BC7C2100993644 /* SettingsViewController.swift in Sources */,
				90EA8EC621BC78CA00993644 /* Setting.swift in Sources */,
			);
			runOnlyForDeploymentPostprocessing = 0;
		};
/* End PBXSourcesBuildPhase section */

/* Begin PBXVariantGroup section */
		90EA8EB121BC6E8300993644 /* Main.storyboard */ = {
			isa = PBXVariantGroup;
			children = (
				90EA8EB221BC6E8300993644 /* Base */,
			);
			name = Main.storyboard;
			sourceTree = "<group>";
		};
		90EA8EB621BC6E8400993644 /* LaunchScreen.storyboard */ = {
			isa = PBXVariantGroup;
			children = (
				90EA8EB721BC6E8400993644 /* Base */,
			);
			name = LaunchScreen.storyboard;
			sourceTree = "<group>";
		};
/* End PBXVariantGroup section */

/* Begin XCBuildConfiguration section */
		90EA8EBA21BC6E8400993644 /* Debug */ = {
			isa = XCBuildConfiguration;
			buildSettings = {
				ALWAYS_SEARCH_USER_PATHS = NO;
				CLANG_ANALYZER_NONNULL = YES;
				CLANG_ANALYZER_NUMBER_OBJECT_CONVERSION = YES_AGGRESSIVE;
				CLANG_CXX_LANGUAGE_STANDARD = "gnu++14";
				CLANG_CXX_LIBRARY = "libc++";
				CLANG_ENABLE_MODULES = YES;
				CLANG_ENABLE_OBJC_ARC = YES;
				CLANG_ENABLE_OBJC_WEAK = YES;
				CLANG_WARN_BLOCK_CAPTURE_AUTORELEASING = YES;
				CLANG_WARN_BOOL_CONVERSION = YES;
				CLANG_WARN_COMMA = YES;
				CLANG_WARN_CONSTANT_CONVERSION = YES;
				CLANG_WARN_DEPRECATED_OBJC_IMPLEMENTATIONS = YES;
				CLANG_WARN_DIRECT_OBJC_ISA_USAGE = YES_ERROR;
				CLANG_WARN_DOCUMENTATION_COMMENTS = YES;
				CLANG_WARN_EMPTY_BODY = YES;
				CLANG_WARN_ENUM_CONVERSION = YES;
				CLANG_WARN_INFINITE_RECURSION = YES;
				CLANG_WARN_INT_CONVERSION = YES;
				CLANG_WARN_NON_LITERAL_NULL_CONVERSION = YES;
				CLANG_WARN_OBJC_IMPLICIT_RETAIN_SELF = YES;
				CLANG_WARN_OBJC_LITERAL_CONVERSION = YES;
				CLANG_WARN_OBJC_ROOT_CLASS = YES_ERROR;
				CLANG_WARN_RANGE_LOOP_ANALYSIS = YES;
				CLANG_WARN_STRICT_PROTOTYPES = YES;
				CLANG_WARN_SUSPICIOUS_MOVE = YES;
				CLANG_WARN_UNGUARDED_AVAILABILITY = YES_AGGRESSIVE;
				CLANG_WARN_UNREACHABLE_CODE = YES;
				CLANG_WARN__DUPLICATE_METHOD_MATCH = YES;
				CODE_SIGN_IDENTITY = "iPhone Developer";
				COPY_PHASE_STRIP = NO;
				DEBUG_INFORMATION_FORMAT = dwarf;
				ENABLE_STRICT_OBJC_MSGSEND = YES;
				ENABLE_TESTABILITY = YES;
				GCC_C_LANGUAGE_STANDARD = gnu11;
				GCC_DYNAMIC_NO_PIC = NO;
				GCC_NO_COMMON_BLOCKS = YES;
				GCC_OPTIMIZATION_LEVEL = 0;
				GCC_PREPROCESSOR_DEFINITIONS = (
					"DEBUG=1",
					"$(inherited)",
				);
				GCC_WARN_64_TO_32_BIT_CONVERSION = YES;
				GCC_WARN_ABOUT_RETURN_TYPE = YES_ERROR;
				GCC_WARN_UNDECLARED_SELECTOR = YES;
				GCC_WARN_UNINITIALIZED_AUTOS = YES_AGGRESSIVE;
				GCC_WARN_UNUSED_FUNCTION = YES;
				GCC_WARN_UNUSED_VARIABLE = YES;
				IPHONEOS_DEPLOYMENT_TARGET = 12.1;
				MTL_ENABLE_DEBUG_INFO = INCLUDE_SOURCE;
				MTL_FAST_MATH = YES;
				ONLY_ACTIVE_ARCH = YES;
				SDKROOT = iphoneos;
				SWIFT_ACTIVE_COMPILATION_CONDITIONS = DEBUG;
				SWIFT_OPTIMIZATION_LEVEL = "-Onone";
			};
			name = Debug;
		};
		90EA8EBB21BC6E8400993644 /* Release */ = {
			isa = XCBuildConfiguration;
			buildSettings = {
				ALWAYS_SEARCH_USER_PATHS = NO;
				CLANG_ANALYZER_NONNULL = YES;
				CLANG_ANALYZER_NUMBER_OBJECT_CONVERSION = YES_AGGRESSIVE;
				CLANG_CXX_LANGUAGE_STANDARD = "gnu++14";
				CLANG_CXX_LIBRARY = "libc++";
				CLANG_ENABLE_MODULES = YES;
				CLANG_ENABLE_OBJC_ARC = YES;
				CLANG_ENABLE_OBJC_WEAK = YES;
				CLANG_WARN_BLOCK_CAPTURE_AUTORELEASING = YES;
				CLANG_WARN_BOOL_CONVERSION = YES;
				CLANG_WARN_COMMA = YES;
				CLANG_WARN_CONSTANT_CONVERSION = YES;
				CLANG_WARN_DEPRECATED_OBJC_IMPLEMENTATIONS = YES;
				CLANG_WARN_DIRECT_OBJC_ISA_USAGE = YES_ERROR;
				CLANG_WARN_DOCUMENTATION_COMMENTS = YES;
				CLANG_WARN_EMPTY_BODY = YES;
				CLANG_WARN_ENUM_CONVERSION = YES;
				CLANG_WARN_INFINITE_RECURSION = YES;
				CLANG_WARN_INT_CONVERSION = YES;
				CLANG_WARN_NON_LITERAL_NULL_CONVERSION = YES;
				CLANG_WARN_OBJC_IMPLICIT_RETAIN_SELF = YES;
				CLANG_WARN_OBJC_LITERAL_CONVERSION = YES;
				CLANG_WARN_OBJC_ROOT_CLASS = YES_ERROR;
				CLANG_WARN_RANGE_LOOP_ANALYSIS = YES;
				CLANG_WARN_STRICT_PROTOTYPES = YES;
				CLANG_WARN_SUSPICIOUS_MOVE = YES;
				CLANG_WARN_UNGUARDED_AVAILABILITY = YES_AGGRESSIVE;
				CLANG_WARN_UNREACHABLE_CODE = YES;
				CLANG_WARN__DUPLICATE_METHOD_MATCH = YES;
				CODE_SIGN_IDENTITY = "iPhone Developer";
				COPY_PHASE_STRIP = NO;
				DEBUG_INFORMATION_FORMAT = "dwarf-with-dsym";
				ENABLE_NS_ASSERTIONS = NO;
				ENABLE_STRICT_OBJC_MSGSEND = YES;
				GCC_C_LANGUAGE_STANDARD = gnu11;
				GCC_NO_COMMON_BLOCKS = YES;
				GCC_WARN_64_TO_32_BIT_CONVERSION = YES;
				GCC_WARN_ABOUT_RETURN_TYPE = YES_ERROR;
				GCC_WARN_UNDECLARED_SELECTOR = YES;
				GCC_WARN_UNINITIALIZED_AUTOS = YES_AGGRESSIVE;
				GCC_WARN_UNUSED_FUNCTION = YES;
				GCC_WARN_UNUSED_VARIABLE = YES;
				IPHONEOS_DEPLOYMENT_TARGET = 12.1;
				MTL_ENABLE_DEBUG_INFO = NO;
				MTL_FAST_MATH = YES;
				SDKROOT = iphoneos;
				SWIFT_COMPILATION_MODE = wholemodule;
				SWIFT_OPTIMIZATION_LEVEL = "-O";
				VALIDATE_PRODUCT = YES;
			};
			name = Release;
		};
		90EA8EBD21BC6E8400993644 /* Debug */ = {
			isa = XCBuildConfiguration;
			buildSettings = {
				ASSETCATALOG_COMPILER_APPICON_NAME = AppIcon;
				CODE_SIGN_STYLE = Automatic;
				DEVELOPMENT_TEAM = 57FTCZV5HS;
				INFOPLIST_FILE = "$(SRCROOT)/Settings 2/Resources/Info.plist";
				LD_RUNPATH_SEARCH_PATHS = (
					"$(inherited)",
					"@executable_path/Frameworks",
				);
				PRODUCT_BUNDLE_IDENTIFIER = "com.greghughes.Settings-2";
				PRODUCT_NAME = "$(TARGET_NAME)";
				SWIFT_VERSION = 4.2;
				TARGETED_DEVICE_FAMILY = "1,2";
			};
			name = Debug;
		};
		90EA8EBE21BC6E8400993644 /* Release */ = {
			isa = XCBuildConfiguration;
			buildSettings = {
				ASSETCATALOG_COMPILER_APPICON_NAME = AppIcon;
				CODE_SIGN_STYLE = Automatic;
				DEVELOPMENT_TEAM = 57FTCZV5HS;
				INFOPLIST_FILE = "$(SRCROOT)/Settings 2/Resources/Info.plist";
				LD_RUNPATH_SEARCH_PATHS = (
					"$(inherited)",
					"@executable_path/Frameworks",
				);
				PRODUCT_BUNDLE_IDENTIFIER = "com.greghughes.Settings-2";
				PRODUCT_NAME = "$(TARGET_NAME)";
				SWIFT_VERSION = 4.2;
				TARGETED_DEVICE_FAMILY = "1,2";
			};
			name = Release;
		};
/* End XCBuildConfiguration section */

/* Begin XCConfigurationList section */
		90EA8EA521BC6E8300993644 /* Build configuration list for PBXProject "Settings 2" */ = {
			isa = XCConfigurationList;
			buildConfigurations = (
				90EA8EBA21BC6E8400993644 /* Debug */,
				90EA8EBB21BC6E8400993644 /* Release */,
			);
			defaultConfigurationIsVisible = 0;
			defaultConfigurationName = Release;
		};
		90EA8EBC21BC6E8400993644 /* Build configuration list for PBXNativeTarget "Settings 2" */ = {
			isa = XCConfigurationList;
			buildConfigurations = (
				90EA8EBD21BC6E8400993644 /* Debug */,
				90EA8EBE21BC6E8400993644 /* Release */,
			);
			defaultConfigurationIsVisible = 0;
			defaultConfigurationName = Release;
		};
/* End XCConfigurationList section */
	};
	rootObject = 90EA8EA221BC6E8300993644 /* Project object */;
}
